
Microsoft Visual Studio Solution File, Format Version 12.00
# Visual Studio 2012
Project("{FAE04EC0-301F-11D3-BF4B-00C04F79EFBC}") = "LCETest1", "LCETest1.csproj", "{BEA1B944-C419-4AB7-B5A1-C543D9F0CA3B}"
EndProject
Project("{FAE04EC0-301F-11D3-BF4B-00C04F79EFBC}") = "LCEUnitTestProject1", "LCEUnitTestProject1\LCEUnitTestProject1.csproj", "{BEF39529-763D-4BE4-B30F-6C927E435741}"
EndProject
Global
	GlobalSection(SolutionConfigurationPlatforms) = preSolution
		Debug|Any CPU = Debug|Any CPU
		Release|Any CPU = Release|Any CPU
	EndGlobalSection
	GlobalSection(ProjectConfigurationPlatforms) = postSolution
		{BEA1B944-C419-4AB7-B5A1-C543D9F0CA3B}.Debug|Any CPU.ActiveCfg = Debug|Any CPU
		{BEA1B944-C419-4AB7-B5A1-C543D9F0CA3B}.Debug|Any CPU.Build.0 = Debug|Any CPU
		{BEA1B944-C419-4AB7-B5A1-C543D9F0CA3B}.Release|Any CPU.ActiveCfg = Release|Any CPU
		{BEA1B944-C419-4AB7-B5A1-C543D9F0CA3B}.Release|Any CPU.Build.0 = Release|Any CPU
		{BEF39529-763D-4BE4-B30F-6C927E435741}.Debug|Any CPU.ActiveCfg = Debug|Any CPU
		{BEF39529-763D-4BE4-B30F-6C927E435741}.Debug|Any CPU.Build.0 = Debug|Any CPU
		{BEF39529-763D-4BE4-B30F-6C927E435741}.Release|Any CPU.ActiveCfg = Release|Any CPU
		{BEF39529-763D-4BE4-B30F-6C927E435741}.Release|Any CPU.Build.0 = Release|Any CPU
	EndGlobalSection
	GlobalSection(SolutionProperties) = preSolution
		HideSolutionNode = FALSE
	EndGlobalSection
EndGlobal
